
Microsoft Visual Studio Solution File, Format Version 11.00
# Visual Studio 2010
Project("{FAE04EC0-301F-11D3-BF4B-00C04F79EFBC}") = "NuScript", "NuScript\NuScript.csproj", "{1C261944-817A-4B6D-9CE7-2A961AA5CBC4}"
EndProject
Global
	GlobalSection(SolutionConfigurationPlatforms) = preSolution
		Debug|Any CPU = Debug|Any CPU
		Release|Any CPU = Release|Any CPU
	EndGlobalSection
	GlobalSection(ProjectConfigurationPlatforms) = postSolution
		{1C261944-817A-4B6D-9CE7-2A961AA5CBC4}.Debug|Any CPU.ActiveCfg = Debug|Any CPU
		{1C261944-817A-4B6D-9CE7-2A961AA5CBC4}.Debug|Any CPU.Build.0 = Debug|Any CPU
		{1C261944-817A-4B6D-9CE7-2A961AA5CBC4}.Release|Any CPU.ActiveCfg = Release|Any CPU
		{1C261944-817A-4B6D-9CE7-2A961AA5CBC4}.Release|Any CPU.Build.0 = Release|Any CPU
	EndGlobalSection
	GlobalSection(SolutionProperties) = preSolution
		HideSolutionNode = FALSE
	EndGlobalSection
EndGlobal
